
Microsoft Visual Studio Solution File, Format Version 12.00
# Visual Studio 14
VisualStudioVersion = 14.0.23107.0
MinimumVisualStudioVersion = 10.0.40219.1
Project("{FAE04EC0-301F-11D3-BF4B-00C04F79EFBC}") = "prime_or_not", "prime_or_not.csproj", "{AACDBC59-D623-455D-9CC7-8C6282DF48A1}"
EndProject
Project("{FAE04EC0-301F-11D3-BF4B-00C04F79EFBC}") = "counting_perfect_squares", "..\counting_perfect_squares\counting_perfect_squares.csproj", "{800C8751-53BC-4F5E-8B69-61A61D425D5E}"
EndProject
Project("{FAE04EC0-301F-11D3-BF4B-00C04F79EFBC}") = "cutting_sticks", "cutting_sticks\cutting_sticks.csproj", "{BEB08890-376B-4CAE-BD71-9D72CE3CA845}"
EndProject
Project("{FAE04EC0-301F-11D3-BF4B-00C04F79EFBC}") = "Top_Frequent_Words", "..\Top_Frequent_Words\Top_Frequent_Words.csproj", "{BE4B0FCF-B33C-4420-96DD-012F66426165}"
EndProject
Project("{FAE04EC0-301F-11D3-BF4B-00C04F79EFBC}") = "PalindromeOrNot", "..\PalindromeOrNot\PalindromeOrNot.csproj", "{975C4CB2-DFC6-44EB-8CA0-41CAD347D2F0}"
EndProject
Project("{FAE04EC0-301F-11D3-BF4B-00C04F79EFBC}") = "temp_test_functions", "..\temp_test_functions\temp_test_functions.csproj", "{A7A5E46F-6971-4363-A464-F90D2F5DFD30}"
EndProject
Global
	GlobalSection(SolutionConfigurationPlatforms) = preSolution
		Debug|Any CPU = Debug|Any CPU
		Release|Any CPU = Release|Any CPU
	EndGlobalSection
	GlobalSection(ProjectConfigurationPlatforms) = postSolution
		{AACDBC59-D623-455D-9CC7-8C6282DF48A1}.Debug|Any CPU.ActiveCfg = Debug|Any CPU
		{AACDBC59-D623-455D-9CC7-8C6282DF48A1}.Debug|Any CPU.Build.0 = Debug|Any CPU
		{AACDBC59-D623-455D-9CC7-8C6282DF48A1}.Release|Any CPU.ActiveCfg = Release|Any CPU
		{AACDBC59-D623-455D-9CC7-8C6282DF48A1}.Release|Any CPU.Build.0 = Release|Any CPU
		{800C8751-53BC-4F5E-8B69-61A61D425D5E}.Debug|Any CPU.ActiveCfg = Debug|Any CPU
		{800C8751-53BC-4F5E-8B69-61A61D425D5E}.Debug|Any CPU.Build.0 = Debug|Any CPU
		{800C8751-53BC-4F5E-8B69-61A61D425D5E}.Release|Any CPU.ActiveCfg = Release|Any CPU
		{800C8751-53BC-4F5E-8B69-61A61D425D5E}.Release|Any CPU.Build.0 = Release|Any CPU
		{BEB08890-376B-4CAE-BD71-9D72CE3CA845}.Debug|Any CPU.ActiveCfg = Debug|Any CPU
		{BEB08890-376B-4CAE-BD71-9D72CE3CA845}.Debug|Any CPU.Build.0 = Debug|Any CPU
		{BEB08890-376B-4CAE-BD71-9D72CE3CA845}.Release|Any CPU.ActiveCfg = Release|Any CPU
		{BEB08890-376B-4CAE-BD71-9D72CE3CA845}.Release|Any CPU.Build.0 = Release|Any CPU
		{BE4B0FCF-B33C-4420-96DD-012F66426165}.Debug|Any CPU.ActiveCfg = Debug|Any CPU
		{BE4B0FCF-B33C-4420-96DD-012F66426165}.Debug|Any CPU.Build.0 = Debug|Any CPU
		{BE4B0FCF-B33C-4420-96DD-012F66426165}.Release|Any CPU.ActiveCfg = Release|Any CPU
		{BE4B0FCF-B33C-4420-96DD-012F66426165}.Release|Any CPU.Build.0 = Release|Any CPU
		{975C4CB2-DFC6-44EB-8CA0-41CAD347D2F0}.Debug|Any CPU.ActiveCfg = Debug|Any CPU
		{975C4CB2-DFC6-44EB-8CA0-41CAD347D2F0}.Debug|Any CPU.Build.0 = Debug|Any CPU
		{975C4CB2-DFC6-44EB-8CA0-41CAD347D2F0}.Release|Any CPU.ActiveCfg = Release|Any CPU
		{975C4CB2-DFC6-44EB-8CA0-41CAD347D2F0}.Release|Any CPU.Build.0 = Release|Any CPU
		{A7A5E46F-6971-4363-A464-F90D2F5DFD30}.Debug|Any CPU.ActiveCfg = Debug|Any CPU
		{A7A5E46F-6971-4363-A464-F90D2F5DFD30}.Debug|Any CPU.Build.0 = Debug|Any CPU
		{A7A5E46F-6971-4363-A464-F90D2F5DFD30}.Release|Any CPU.ActiveCfg = Release|Any CPU
		{A7A5E46F-6971-4363-A464-F90D2F5DFD30}.Release|Any CPU.Build.0 = Release|Any CPU
	EndGlobalSection
	GlobalSection(SolutionProperties) = preSolution
		HideSolutionNode = FALSE
	EndGlobalSection
EndGlobal
